
Microsoft Visual Studio Solution File, Format Version 12.00
# Visual Studio 15
Project("{FAE04EC0-301F-11D3-BF4B-00C04F79EFBC}") = "Assembly-CSharp", "Assembly-CSharp.csproj", "{88EA6968-3CB7-5DFF-0196-631991208865}"
EndProject
Project("{FAE04EC0-301F-11D3-BF4B-00C04F79EFBC}") = "Assembly-CSharp-Editor", "Assembly-CSharp-Editor.csproj", "{AA08A940-F1AA-612D-21CE-4C0EC860543A}"
EndProject
Global
	GlobalSection(SolutionConfigurationPlatforms) = preSolution
		Debug|Any CPU = Debug|Any CPU
		Release|Any CPU = Release|Any CPU
	EndGlobalSection
	GlobalSection(ProjectConfigurationPlatforms) = postSolution
		{88EA6968-3CB7-5DFF-0196-631991208865}.Debug|Any CPU.ActiveCfg = Debug|Any CPU
		{88EA6968-3CB7-5DFF-0196-631991208865}.Debug|Any CPU.Build.0 = Debug|Any CPU
		{88EA6968-3CB7-5DFF-0196-631991208865}.Release|Any CPU.ActiveCfg = Release|Any CPU
		{88EA6968-3CB7-5DFF-0196-631991208865}.Release|Any CPU.Build.0 = Release|Any CPU
		{AA08A940-F1AA-612D-21CE-4C0EC860543A}.Debug|Any CPU.ActiveCfg = Debug|Any CPU
		{AA08A940-F1AA-612D-21CE-4C0EC860543A}.Debug|Any CPU.Build.0 = Debug|Any CPU
		{AA08A940-F1AA-612D-21CE-4C0EC860543A}.Release|Any CPU.ActiveCfg = Release|Any CPU
		{AA08A940-F1AA-612D-21CE-4C0EC860543A}.Release|Any CPU.Build.0 = Release|Any CPU
	EndGlobalSection
	GlobalSection(SolutionProperties) = preSolution
		HideSolutionNode = FALSE
	EndGlobalSection
EndGlobal
